// !$*UTF8*$!
{
	archiveVersion = 1;
	classes = {
	};
	objectVersion = 46;
	objects = {

/* Begin PBXBuildFile section */
		4000B48621A37D5F00F68C5D /* Math.swift in Sources */ = {isa = PBXBuildFile; fileRef = 4000B48421A37C8500F68C5D /* Math.swift */; };
		4000B48821A37DBC00F68C5D /* Operators.swift in Sources */ = {isa = PBXBuildFile; fileRef = 4000B48721A37DBC00F68C5D /* Operators.swift */; };
		4000B48A21A37E2000F68C5D /* Library.swift in Sources */ = {isa = PBXBuildFile; fileRef = 4000B48921A37E2000F68C5D /* Library.swift */; };
		4000B48D21A3814A00F68C5D /* Array+SafeIndexing.swift in Sources */ = {isa = PBXBuildFile; fileRef = 4000B48C21A3814A00F68C5D /* Array+SafeIndexing.swift */; };
		4000B48F21A381BB00F68C5D /* SwispError.swift in Sources */ = {isa = PBXBuildFile; fileRef = 4000B48E21A381BB00F68C5D /* SwispError.swift */; };
		4000B49121A3868A00F68C5D /* Double+e.swift in Sources */ = {isa = PBXBuildFile; fileRef = 4000B49021A3868A00F68C5D /* Double+e.swift */; };
		4000B49321A3C2C200F68C5D /* SwispCLI.swift in Sources */ = {isa = PBXBuildFile; fileRef = 4000B49221A3C2C200F68C5D /* SwispCLI.swift */; };
		4000B49521A3C33500F68C5D /* Swisp.swift in Sources */ = {isa = PBXBuildFile; fileRef = 4000B49421A3C33500F68C5D /* Swisp.swift */; };
		4000B49B21A4CEEF00F68C5D /* String+isWhitespace.swift in Sources */ = {isa = PBXBuildFile; fileRef = 4000B49A21A4CEEF00F68C5D /* String+isWhitespace.swift */; };
		40A5A4C51E14CC6000993A86 /* XCTestCase+XCTPass.swift in Sources */ = {isa = PBXBuildFile; fileRef = 40A5A4C31E14CBD700993A86 /* XCTestCase+XCTPass.swift */; };
		40F889571E0FC8B900AA93E9 /* SwispTypes.swift in Sources */ = {isa = PBXBuildFile; fileRef = 40F889551E0FC89200AA93E9 /* SwispTypes.swift */; };
		OBJ_27 /* main.swift in Sources */ = {isa = PBXBuildFile; fileRef = OBJ_9 /* main.swift */; };
		OBJ_29 /* SwispFramework.framework in Frameworks */ = {isa = PBXBuildFile; fileRef = OBJ_20 /* SwispFramework.framework */; };
		OBJ_36 /* Environment.swift in Sources */ = {isa = PBXBuildFile; fileRef = OBJ_11 /* Environment.swift */; };
		OBJ_37 /* Interpreter.swift in Sources */ = {isa = PBXBuildFile; fileRef = OBJ_12 /* Interpreter.swift */; };
		OBJ_44 /* EnvironmentTests.swift in Sources */ = {isa = PBXBuildFile; fileRef = OBJ_15 /* EnvironmentTests.swift */; };
		OBJ_45 /* InterpreterTests.swift in Sources */ = {isa = PBXBuildFile; fileRef = OBJ_16 /* InterpreterTests.swift */; };
		OBJ_46 /* XCTestManifests.swift in Sources */ = {isa = PBXBuildFile; fileRef = OBJ_17 /* XCTestManifests.swift */; };
		OBJ_48 /* SwispFramework.framework in Frameworks */ = {isa = PBXBuildFile; fileRef = OBJ_20 /* SwispFramework.framework */; };
/* End PBXBuildFile section */

/* Begin PBXContainerItemProxy section */
		40F8894C1E0F5CA800AA93E9 /* PBXContainerItemProxy */ = {
			isa = PBXContainerItemProxy;
			containerPortal = OBJ_1 /* Project object */;
			proxyType = 1;
			remoteGlobalIDString = OBJ_31;
			remoteInfo = SwispFramework;
		};
		40F8894D1E0F5CA800AA93E9 /* PBXContainerItemProxy */ = {
			isa = PBXContainerItemProxy;
			containerPortal = OBJ_1 /* Project object */;
			proxyType = 1;
			remoteGlobalIDString = OBJ_31;
			remoteInfo = SwispFramework;
		};
/* End PBXContainerItemProxy section */

/* Begin PBXFileReference section */
		4000B48421A37C8500F68C5D /* Math.swift */ = {isa = PBXFileReference; lastKnownFileType = sourcecode.swift; path = Math.swift; sourceTree = "<group>"; };
		4000B48721A37DBC00F68C5D /* Operators.swift */ = {isa = PBXFileReference; lastKnownFileType = sourcecode.swift; path = Operators.swift; sourceTree = "<group>"; };
		4000B48921A37E2000F68C5D /* Library.swift */ = {isa = PBXFileReference; lastKnownFileType = sourcecode.swift; path = Library.swift; sourceTree = "<group>"; };
		4000B48C21A3814A00F68C5D /* Array+SafeIndexing.swift */ = {isa = PBXFileReference; lastKnownFileType = sourcecode.swift; path = "Array+SafeIndexing.swift"; sourceTree = "<group>"; };
		4000B48E21A381BB00F68C5D /* SwispError.swift */ = {isa = PBXFileReference; lastKnownFileType = sourcecode.swift; path = SwispError.swift; sourceTree = "<group>"; };
		4000B49021A3868A00F68C5D /* Double+e.swift */ = {isa = PBXFileReference; lastKnownFileType = sourcecode.swift; path = "Double+e.swift"; sourceTree = "<group>"; };
		4000B49221A3C2C200F68C5D /* SwispCLI.swift */ = {isa = PBXFileReference; lastKnownFileType = sourcecode.swift; path = SwispCLI.swift; sourceTree = "<group>"; };
		4000B49421A3C33500F68C5D /* Swisp.swift */ = {isa = PBXFileReference; lastKnownFileType = sourcecode.swift; path = Swisp.swift; sourceTree = "<group>"; };
		4000B49A21A4CEEF00F68C5D /* String+isWhitespace.swift */ = {isa = PBXFileReference; lastKnownFileType = sourcecode.swift; path = "String+isWhitespace.swift"; sourceTree = "<group>"; };
		40A5A4C31E14CBD700993A86 /* XCTestCase+XCTPass.swift */ = {isa = PBXFileReference; fileEncoding = 4; lastKnownFileType = sourcecode.swift; path = "XCTestCase+XCTPass.swift"; sourceTree = "<group>"; };
		40F8894E1E0F683200AA93E9 /* README.md */ = {isa = PBXFileReference; fileEncoding = 4; lastKnownFileType = net.daringfireball.markdown; path = README.md; sourceTree = "<group>"; };
		40F889521E0F6CFE00AA93E9 /* .travis.yml */ = {isa = PBXFileReference; fileEncoding = 4; lastKnownFileType = text; path = .travis.yml; sourceTree = "<group>"; };
		40F889531E0FC44100AA93E9 /* LinuxMain.swift */ = {isa = PBXFileReference; fileEncoding = 4; lastKnownFileType = sourcecode.swift; path = LinuxMain.swift; sourceTree = "<group>"; };
		40F889551E0FC89200AA93E9 /* SwispTypes.swift */ = {isa = PBXFileReference; fileEncoding = 4; lastKnownFileType = sourcecode.swift; path = SwispTypes.swift; sourceTree = "<group>"; };
		40F889591E1099E400AA93E9 /* .swift-version */ = {isa = PBXFileReference; fileEncoding = 4; lastKnownFileType = text; path = ".swift-version"; sourceTree = "<group>"; };
		OBJ_11 /* Environment.swift */ = {isa = PBXFileReference; lastKnownFileType = sourcecode.swift; path = Environment.swift; sourceTree = "<group>"; };
		OBJ_12 /* Interpreter.swift */ = {isa = PBXFileReference; lastKnownFileType = sourcecode.swift; path = Interpreter.swift; sourceTree = "<group>"; };
		OBJ_15 /* EnvironmentTests.swift */ = {isa = PBXFileReference; lastKnownFileType = sourcecode.swift; path = EnvironmentTests.swift; sourceTree = "<group>"; };
		OBJ_16 /* InterpreterTests.swift */ = {isa = PBXFileReference; lastKnownFileType = sourcecode.swift; path = InterpreterTests.swift; sourceTree = "<group>"; };
		OBJ_17 /* XCTestManifests.swift */ = {isa = PBXFileReference; lastKnownFileType = sourcecode.swift; path = XCTestManifests.swift; sourceTree = "<group>"; };
		OBJ_19 /* Swisp */ = {isa = PBXFileReference; explicitFileType = "compiled.mach-o.executable"; path = Swisp; sourceTree = BUILT_PRODUCTS_DIR; };
		OBJ_20 /* SwispFramework.framework */ = {isa = PBXFileReference; explicitFileType = wrapper.framework; path = SwispFramework.framework; sourceTree = BUILT_PRODUCTS_DIR; };
		OBJ_21 /* SwispTests.xctest */ = {isa = PBXFileReference; explicitFileType = wrapper.cfbundle; path = SwispTests.xctest; sourceTree = BUILT_PRODUCTS_DIR; };
		OBJ_6 /* Package.swift */ = {isa = PBXFileReference; explicitFileType = sourcecode.swift; path = Package.swift; sourceTree = "<group>"; };
		OBJ_9 /* main.swift */ = {isa = PBXFileReference; lastKnownFileType = sourcecode.swift; path = main.swift; sourceTree = "<group>"; };
/* End PBXFileReference section */

/* Begin PBXFrameworksBuildPhase section */
		OBJ_28 /* Frameworks */ = {
			isa = PBXFrameworksBuildPhase;
			buildActionMask = 0;
			files = (
				OBJ_29 /* SwispFramework.framework in Frameworks */,
			);
			runOnlyForDeploymentPostprocessing = 0;
		};
		OBJ_38 /* Frameworks */ = {
			isa = PBXFrameworksBuildPhase;
			buildActionMask = 0;
			files = (
			);
			runOnlyForDeploymentPostprocessing = 0;
		};
		OBJ_47 /* Frameworks */ = {
			isa = PBXFrameworksBuildPhase;
			buildActionMask = 0;
			files = (
				OBJ_48 /* SwispFramework.framework in Frameworks */,
			);
			runOnlyForDeploymentPostprocessing = 0;
		};
/* End PBXFrameworksBuildPhase section */

/* Begin PBXGroup section */
		4000B48321A37C2E00F68C5D /* Environment */ = {
			isa = PBXGroup;
			children = (
				OBJ_11 /* Environment.swift */,
				4000B48921A37E2000F68C5D /* Library.swift */,
				4000B48421A37C8500F68C5D /* Math.swift */,
				4000B48721A37DBC00F68C5D /* Operators.swift */,
			);
			path = Environment;
			sourceTree = "<group>";
		};
		4000B48B21A3811B00F68C5D /* Shared */ = {
			isa = PBXGroup;
			children = (
				4000B48C21A3814A00F68C5D /* Array+SafeIndexing.swift */,
				4000B49021A3868A00F68C5D /* Double+e.swift */,
				4000B48E21A381BB00F68C5D /* SwispError.swift */,
				40F889551E0FC89200AA93E9 /* SwispTypes.swift */,
			);
			path = Shared;
			sourceTree = "<group>";
		};
		4000B49C21A4D1EE00F68C5D /* Shared */ = {
			isa = PBXGroup;
			children = (
				4000B49A21A4CEEF00F68C5D /* String+isWhitespace.swift */,
			);
			path = Shared;
			sourceTree = "<group>";
		};
		OBJ_10 /* SwispFramework */ = {
			isa = PBXGroup;
			children = (
				4000B48321A37C2E00F68C5D /* Environment */,
				4000B48B21A3811B00F68C5D /* Shared */,
				OBJ_12 /* Interpreter.swift */,
			);
			path = SwispFramework;
			sourceTree = "<group>";
		};
		OBJ_13 /* Tests */ = {
			isa = PBXGroup;
			children = (
				OBJ_14 /* SwispTests */,
				40F889531E0FC44100AA93E9 /* LinuxMain.swift */,
			);
			path = Tests;
			sourceTree = "<group>";
		};
		OBJ_14 /* SwispTests */ = {
			isa = PBXGroup;
			children = (
				OBJ_15 /* EnvironmentTests.swift */,
				OBJ_16 /* InterpreterTests.swift */,
				40A5A4C31E14CBD700993A86 /* XCTestCase+XCTPass.swift */,
				OBJ_17 /* XCTestManifests.swift */,
			);
			path = SwispTests;
			sourceTree = "<group>";
		};
		OBJ_18 /* Products */ = {
			isa = PBXGroup;
			children = (
				OBJ_19 /* Swisp */,
				OBJ_20 /* SwispFramework.framework */,
				OBJ_21 /* SwispTests.xctest */,
			);
			name = Products;
			sourceTree = BUILT_PRODUCTS_DIR;
		};
		OBJ_5 = {
			isa = PBXGroup;
			children = (
				OBJ_18 /* Products */,
				OBJ_7 /* Sources */,
				OBJ_13 /* Tests */,
				40F889591E1099E400AA93E9 /* .swift-version */,
				40F889521E0F6CFE00AA93E9 /* .travis.yml */,
				OBJ_6 /* Package.swift */,
				40F8894E1E0F683200AA93E9 /* README.md */,
			);
			sourceTree = "<group>";
		};
		OBJ_7 /* Sources */ = {
			isa = PBXGroup;
			children = (
				OBJ_8 /* Swisp */,
				OBJ_10 /* SwispFramework */,
			);
			path = Sources;
			sourceTree = "<group>";
		};
		OBJ_8 /* Swisp */ = {
			isa = PBXGroup;
			children = (
				OBJ_9 /* main.swift */,
				4000B49C21A4D1EE00F68C5D /* Shared */,
				4000B49421A3C33500F68C5D /* Swisp.swift */,
				4000B49221A3C2C200F68C5D /* SwispCLI.swift */,
			);
			path = Swisp;
			sourceTree = "<group>";
		};
/* End PBXGroup section */

/* Begin PBXNativeTarget section */
		OBJ_22 /* Swisp */ = {
			isa = PBXNativeTarget;
			buildConfigurationList = OBJ_23 /* Build configuration list for PBXNativeTarget "Swisp" */;
			buildPhases = (
				4000B49821A4868400F68C5D /* Resources */,
				OBJ_26 /* Sources */,
				OBJ_28 /* Frameworks */,
			);
			buildRules = (
			);
			dependencies = (
				OBJ_30 /* PBXTargetDependency */,
			);
			name = Swisp;
			productName = Swisp;
			productReference = OBJ_19 /* Swisp */;
			productType = "com.apple.product-type.tool";
		};
		OBJ_31 /* SwispFramework */ = {
			isa = PBXNativeTarget;
			buildConfigurationList = OBJ_32 /* Build configuration list for PBXNativeTarget "SwispFramework" */;
			buildPhases = (
				OBJ_35 /* Sources */,
				OBJ_38 /* Frameworks */,
			);
			buildRules = (
			);
			dependencies = (
			);
			name = SwispFramework;
			productName = SwispFramework;
			productReference = OBJ_20 /* SwispFramework.framework */;
			productType = "com.apple.product-type.framework";
		};
		OBJ_39 /* SwispTests */ = {
			isa = PBXNativeTarget;
			buildConfigurationList = OBJ_40 /* Build configuration list for PBXNativeTarget "SwispTests" */;
			buildPhases = (
				OBJ_43 /* Sources */,
				OBJ_47 /* Frameworks */,
			);
			buildRules = (
			);
			dependencies = (
				OBJ_49 /* PBXTargetDependency */,
			);
			name = SwispTests;
			productName = SwispTests;
			productReference = OBJ_21 /* SwispTests.xctest */;
			productType = "com.apple.product-type.bundle.unit-test";
		};
/* End PBXNativeTarget section */

/* Begin PBXProject section */
		OBJ_1 /* Project object */ = {
			isa = PBXProject;
			attributes = {
				LastUpgradeCheck = 9999;
				TargetAttributes = {
					OBJ_22 = {
						LastSwiftMigration = 1000;
					};
					OBJ_31 = {
						LastSwiftMigration = 1000;
					};
					OBJ_39 = {
						LastSwiftMigration = 1000;
					};
				};
			};
			buildConfigurationList = OBJ_2 /* Build configuration list for PBXProject "Swisp" */;
			compatibilityVersion = "Xcode 3.2";
			developmentRegion = English;
			hasScannedForEncodings = 0;
			knownRegions = (
				en,
			);
			mainGroup = OBJ_5;
			productRefGroup = OBJ_18 /* Products */;
			projectDirPath = "";
			projectRoot = "";
			targets = (
				OBJ_22 /* Swisp */,
				OBJ_31 /* SwispFramework */,
				OBJ_39 /* SwispTests */,
			);
		};
/* End PBXProject section */

/* Begin PBXResourcesBuildPhase section */
		4000B49821A4868400F68C5D /* Resources */ = {
			isa = PBXResourcesBuildPhase;
			buildActionMask = 2147483647;
			files = (
			);
			runOnlyForDeploymentPostprocessing = 0;
		};
/* End PBXResourcesBuildPhase section */

/* Begin PBXSourcesBuildPhase section */
		OBJ_26 /* Sources */ = {
			isa = PBXSourcesBuildPhase;
			buildActionMask = 0;
			files = (
				OBJ_27 /* main.swift in Sources */,
				4000B49B21A4CEEF00F68C5D /* String+isWhitespace.swift in Sources */,
				4000B49321A3C2C200F68C5D /* SwispCLI.swift in Sources */,
				4000B49521A3C33500F68C5D /* Swisp.swift in Sources */,
			);
			runOnlyForDeploymentPostprocessing = 0;
		};
		OBJ_35 /* Sources */ = {
			isa = PBXSourcesBuildPhase;
			buildActionMask = 0;
			files = (
				4000B48621A37D5F00F68C5D /* Math.swift in Sources */,
				4000B48D21A3814A00F68C5D /* Array+SafeIndexing.swift in Sources */,
				4000B48821A37DBC00F68C5D /* Operators.swift in Sources */,
				4000B48F21A381BB00F68C5D /* SwispError.swift in Sources */,
				40F889571E0FC8B900AA93E9 /* SwispTypes.swift in Sources */,
				OBJ_36 /* Environment.swift in Sources */,
				OBJ_37 /* Interpreter.swift in Sources */,
				4000B49121A3868A00F68C5D /* Double+e.swift in Sources */,
				4000B48A21A37E2000F68C5D /* Library.swift in Sources */,
			);
			runOnlyForDeploymentPostprocessing = 0;
		};
		OBJ_43 /* Sources */ = {
			isa = PBXSourcesBuildPhase;
			buildActionMask = 0;
			files = (
				OBJ_44 /* EnvironmentTests.swift in Sources */,
				OBJ_45 /* InterpreterTests.swift in Sources */,
				40A5A4C51E14CC6000993A86 /* XCTestCase+XCTPass.swift in Sources */,
				OBJ_46 /* XCTestManifests.swift in Sources */,
			);
			runOnlyForDeploymentPostprocessing = 0;
		};
/* End PBXSourcesBuildPhase section */

/* Begin PBXTargetDependency section */
		OBJ_30 /* PBXTargetDependency */ = {
			isa = PBXTargetDependency;
			target = OBJ_31 /* SwispFramework */;
			targetProxy = 40F8894C1E0F5CA800AA93E9 /* PBXContainerItemProxy */;
		};
		OBJ_49 /* PBXTargetDependency */ = {
			isa = PBXTargetDependency;
			target = OBJ_31 /* SwispFramework */;
			targetProxy = 40F8894D1E0F5CA800AA93E9 /* PBXContainerItemProxy */;
		};
/* End PBXTargetDependency section */

/* Begin XCBuildConfiguration section */
		OBJ_24 /* Debug */ = {
			isa = XCBuildConfiguration;
			buildSettings = {
				FRAMEWORK_SEARCH_PATHS = (
					"$(inherited)",
					"$(PLATFORM_DIR)/Developer/Library/Frameworks",
				);
				HEADER_SEARCH_PATHS = "$(inherited)";
				INFOPLIST_FILE = "$(SRCROOT)/Swisp.plist";
				LD_RUNPATH_SEARCH_PATHS = "$(TOOLCHAIN_DIR)/usr/lib/swift/macosx @executable_path";
				OTHER_LDFLAGS = "$(inherited)";
				OTHER_SWIFT_FLAGS = "$(inherited)";
				PRODUCT_BUNDLE_IDENTIFIER = Swisp;
				SWIFT_FORCE_DYNAMIC_LINK_STDLIB = YES;
				SWIFT_FORCE_STATIC_LINK_STDLIB = NO;
				SWIFT_SWIFT3_OBJC_INFERENCE = Default;
				SWIFT_VERSION = 4.2;
				TARGET_NAME = Swisp;
			};
			name = Debug;
		};
		OBJ_25 /* Release */ = {
			isa = XCBuildConfiguration;
			buildSettings = {
				FRAMEWORK_SEARCH_PATHS = (
					"$(inherited)",
					"$(PLATFORM_DIR)/Developer/Library/Frameworks",
				);
				HEADER_SEARCH_PATHS = "$(inherited)";
				INFOPLIST_FILE = "$(SRCROOT)/Swisp.plist";
				LD_RUNPATH_SEARCH_PATHS = "$(TOOLCHAIN_DIR)/usr/lib/swift/macosx @executable_path";
				OTHER_LDFLAGS = "$(inherited)";
				OTHER_SWIFT_FLAGS = "$(inherited)";
				PRODUCT_BUNDLE_IDENTIFIER = Swisp;
				SWIFT_FORCE_DYNAMIC_LINK_STDLIB = YES;
				SWIFT_FORCE_STATIC_LINK_STDLIB = NO;
				SWIFT_SWIFT3_OBJC_INFERENCE = Default;
				SWIFT_VERSION = 4.2;
				TARGET_NAME = Swisp;
			};
			name = Release;
		};
		OBJ_3 /* Debug */ = {
			isa = XCBuildConfiguration;
			buildSettings = {
				COMBINE_HIDPI_IMAGES = YES;
				COPY_PHASE_STRIP = NO;
				DEBUG_INFORMATION_FORMAT = dwarf;
				DYLIB_INSTALL_NAME_BASE = "@rpath";
				ENABLE_NS_ASSERTIONS = YES;
				GCC_OPTIMIZATION_LEVEL = 0;
				MACOSX_DEPLOYMENT_TARGET = 10.10;
				ONLY_ACTIVE_ARCH = YES;
				OTHER_SWIFT_FLAGS = "-DXcode";
				PRODUCT_NAME = "$(TARGET_NAME)";
				SDKROOT = macosx;
				SUPPORTED_PLATFORMS = "macosx iphoneos iphonesimulator appletvos appletvsimulator watchos watchsimulator";
				SWIFT_ACTIVE_COMPILATION_CONDITIONS = SWIFT_PACKAGE;
				SWIFT_OPTIMIZATION_LEVEL = "-Onone";
				SWIFT_VERSION = 3.0;
				USE_HEADERMAP = NO;
			};
			name = Debug;
		};
		OBJ_33 /* Debug */ = {
			isa = XCBuildConfiguration;
			buildSettings = {
				ENABLE_TESTABILITY = YES;
				FRAMEWORK_SEARCH_PATHS = (
					"$(inherited)",
					"$(PLATFORM_DIR)/Developer/Library/Frameworks",
				);
				HEADER_SEARCH_PATHS = "$(inherited)";
				INFOPLIST_FILE = Swisp.xcodeproj/SwispFramework_Info.plist;
				LD_RUNPATH_SEARCH_PATHS = "$(TOOLCHAIN_DIR)/usr/lib/swift/macosx";
				OTHER_LDFLAGS = "$(inherited)";
				OTHER_SWIFT_FLAGS = "$(inherited)";
				PRODUCT_BUNDLE_IDENTIFIER = SwispFramework;
				PRODUCT_MODULE_NAME = "$(TARGET_NAME:c99extidentifier)";
				PRODUCT_NAME = "$(TARGET_NAME:c99extidentifier)";
				SWIFT_SWIFT3_OBJC_INFERENCE = Default;
				SWIFT_VERSION = 4.2;
				TARGET_NAME = SwispFramework;
			};
			name = Debug;
		};
		OBJ_34 /* Release */ = {
			isa = XCBuildConfiguration;
			buildSettings = {
				ENABLE_TESTABILITY = YES;
				FRAMEWORK_SEARCH_PATHS = (
					"$(inherited)",
					"$(PLATFORM_DIR)/Developer/Library/Frameworks",
				);
				HEADER_SEARCH_PATHS = "$(inherited)";
				INFOPLIST_FILE = Swisp.xcodeproj/SwispFramework_Info.plist;
				LD_RUNPATH_SEARCH_PATHS = "$(TOOLCHAIN_DIR)/usr/lib/swift/macosx";
				OTHER_LDFLAGS = "$(inherited)";
				OTHER_SWIFT_FLAGS = "$(inherited)";
				PRODUCT_BUNDLE_IDENTIFIER = SwispFramework;
				PRODUCT_MODULE_NAME = "$(TARGET_NAME:c99extidentifier)";
				PRODUCT_NAME = "$(TARGET_NAME:c99extidentifier)";
				SWIFT_SWIFT3_OBJC_INFERENCE = Default;
				SWIFT_VERSION = 4.2;
				TARGET_NAME = SwispFramework;
			};
			name = Release;
		};
		OBJ_4 /* Release */ = {
			isa = XCBuildConfiguration;
			buildSettings = {
				COMBINE_HIDPI_IMAGES = YES;
				COPY_PHASE_STRIP = YES;
				DEBUG_INFORMATION_FORMAT = "dwarf-with-dsym";
				DYLIB_INSTALL_NAME_BASE = "@rpath";
				GCC_OPTIMIZATION_LEVEL = s;
				MACOSX_DEPLOYMENT_TARGET = 10.10;
				OTHER_SWIFT_FLAGS = "-DXcode";
				PRODUCT_NAME = "$(TARGET_NAME)";
				SDKROOT = macosx;
				SUPPORTED_PLATFORMS = "macosx iphoneos iphonesimulator appletvos appletvsimulator watchos watchsimulator";
				SWIFT_ACTIVE_COMPILATION_CONDITIONS = SWIFT_PACKAGE;
				SWIFT_OPTIMIZATION_LEVEL = "-O";
				SWIFT_VERSION = 3.0;
				USE_HEADERMAP = NO;
			};
			name = Release;
		};
		OBJ_41 /* Debug */ = {
			isa = XCBuildConfiguration;
			buildSettings = {
				EMBEDDED_CONTENT_CONTAINS_SWIFT = YES;
				FRAMEWORK_SEARCH_PATHS = (
					"$(inherited)",
					"$(PLATFORM_DIR)/Developer/Library/Frameworks",
				);
				HEADER_SEARCH_PATHS = "$(inherited)";
				INFOPLIST_FILE = Swisp.xcodeproj/SwispTests_Info.plist;
				LD_RUNPATH_SEARCH_PATHS = "@loader_path/../Frameworks";
				OTHER_LDFLAGS = "$(inherited)";
				OTHER_SWIFT_FLAGS = "$(inherited)";
				SWIFT_SWIFT3_OBJC_INFERENCE = Default;
				SWIFT_VERSION = 4.2;
				TARGET_NAME = SwispTests;
			};
			name = Debug;
		};
		OBJ_42 /* Release */ = {
			isa = XCBuildConfiguration;
			buildSettings = {
				EMBEDDED_CONTENT_CONTAINS_SWIFT = YES;
				FRAMEWORK_SEARCH_PATHS = (
					"$(inherited)",
					"$(PLATFORM_DIR)/Developer/Library/Frameworks",
				);
				HEADER_SEARCH_PATHS = "$(inherited)";
				INFOPLIST_FILE = Swisp.xcodeproj/SwispTests_Info.plist;
				LD_RUNPATH_SEARCH_PATHS = "@loader_path/../Frameworks";
				OTHER_LDFLAGS = "$(inherited)";
				OTHER_SWIFT_FLAGS = "$(inherited)";
				SWIFT_SWIFT3_OBJC_INFERENCE = Default;
				SWIFT_VERSION = 4.2;
				TARGET_NAME = SwispTests;
			};
			name = Release;
		};
/* End XCBuildConfiguration section */

/* Begin XCConfigurationList section */
		OBJ_2 /* Build configuration list for PBXProject "Swisp" */ = {
			isa = XCConfigurationList;
			buildConfigurations = (
				OBJ_3 /* Debug */,
				OBJ_4 /* Release */,
			);
			defaultConfigurationIsVisible = 0;
			defaultConfigurationName = Debug;
		};
		OBJ_23 /* Build configuration list for PBXNativeTarget "Swisp" */ = {
			isa = XCConfigurationList;
			buildConfigurations = (
				OBJ_24 /* Debug */,
				OBJ_25 /* Release */,
			);
			defaultConfigurationIsVisible = 0;
			defaultConfigurationName = Debug;
		};
		OBJ_32 /* Build configuration list for PBXNativeTarget "SwispFramework" */ = {
			isa = XCConfigurationList;
			buildConfigurations = (
				OBJ_33 /* Debug */,
				OBJ_34 /* Release */,
			);
			defaultConfigurationIsVisible = 0;
			defaultConfigurationName = Debug;
		};
		OBJ_40 /* Build configuration list for PBXNativeTarget "SwispTests" */ = {
			isa = XCConfigurationList;
			buildConfigurations = (
				OBJ_41 /* Debug */,
				OBJ_42 /* Release */,
			);
			defaultConfigurationIsVisible = 0;
			defaultConfigurationName = Debug;
		};
/* End XCConfigurationList section */
	};
	rootObject = OBJ_1 /* Project object */;
}
